
Microsoft Visual Studio Solution File, Format Version 12.00
# Visual Studio Version 16
VisualStudioVersion = 16.0.31727.386
MinimumVisualStudioVersion = 10.0.40219.1
Project("{8BC9CEB8-8B4A-11D0-8D11-00A0C91BC942}") = "MaszynaTuringa", "MaszynaTuringa\MaszynaTuringa.vcxproj", "{09C92F94-BC17-4770-BC4D-9EFE5D642051}"
EndProject
Global
	GlobalSection(SolutionConfigurationPlatforms) = preSolution
		Debug|x64 = Debug|x64
		Debug|x86 = Debug|x86
		Release|x64 = Release|x64
		Release|x86 = Release|x86
	EndGlobalSection
	GlobalSection(ProjectConfigurationPlatforms) = postSolution
		{09C92F94-BC17-4770-BC4D-9EFE5D642051}.Debug|x64.ActiveCfg = Debug|x64
		{09C92F94-BC17-4770-BC4D-9EFE5D642051}.Debug|x64.Build.0 = Debug|x64
		{09C92F94-BC17-4770-BC4D-9EFE5D642051}.Debug|x86.ActiveCfg = Debug|Win32
		{09C92F94-BC17-4770-BC4D-9EFE5D642051}.Debug|x86.Build.0 = Debug|Win32
		{09C92F94-BC17-4770-BC4D-9EFE5D642051}.Release|x64.ActiveCfg = Release|x64
		{09C92F94-BC17-4770-BC4D-9EFE5D642051}.Release|x64.Build.0 = Release|x64
		{09C92F94-BC17-4770-BC4D-9EFE5D642051}.Release|x86.ActiveCfg = Release|Win32
		{09C92F94-BC17-4770-BC4D-9EFE5D642051}.Release|x86.Build.0 = Release|Win32
	EndGlobalSection
	GlobalSection(SolutionProperties) = preSolution
		HideSolutionNode = FALSE
	EndGlobalSection
	GlobalSection(ExtensibilityGlobals) = postSolution
		SolutionGuid = {9513FF98-B19A-438D-9B72-0EA3B3E997DE}
	EndGlobalSection
EndGlobal
